// !$*UTF8*$!
{
	archiveVersion = 1;
	classes = {
	};
	objectVersion = 77;
	objects = {

/* Begin PBXBuildFile section */
		371115C92D5DDA6800CB417D /* SceneDelegate.swift in Sources */ = {isa = PBXBuildFile; fileRef = 371115C52D5DDA6800CB417D /* SceneDelegate.swift */; };
		371115D02D5DDB3800CB417D /* .gitignore in Resources */ = {isa = PBXBuildFile; fileRef = 371115CF2D5DDB3800CB417D /* .gitignore */; };
		371115D32D5DDB5900CB417D /* SnapKit in Frameworks */ = {isa = PBXBuildFile; productRef = 371115D22D5DDB5900CB417D /* SnapKit */; };
		371115D62D5DDB6800CB417D /* Alamofire in Frameworks */ = {isa = PBXBuildFile; productRef = 371115D52D5DDB6800CB417D /* Alamofire */; };
		371115D92D5DDB7500CB417D /* Kingfisher in Frameworks */ = {isa = PBXBuildFile; productRef = 371115D82D5DDB7500CB417D /* Kingfisher */; };
		371115DC2D5DDB7D00CB417D /* Then in Frameworks */ = {isa = PBXBuildFile; productRef = 371115DB2D5DDB7D00CB417D /* Then */; };
		371115E02D5DDB9500CB417D /* AppDelegate.swift in Sources */ = {isa = PBXBuildFile; fileRef = 371115DE2D5DDB9500CB417D /* AppDelegate.swift */; };
		371115E82D5DDBB700CB417D /* Assets.xcassets in Resources */ = {isa = PBXBuildFile; fileRef = 371115E32D5DDBB700CB417D /* Assets.xcassets */; };
		371115EA2D5DDBB700CB417D /* LaunchScreen.storyboard in Resources */ = {isa = PBXBuildFile; fileRef = 371115E62D5DDBB700CB417D /* LaunchScreen.storyboard */; };
		371115F02D5DDF0300CB417D /* CityViewController.swift in Sources */ = {isa = PBXBuildFile; fileRef = 371115EF2D5DDF0300CB417D /* CityViewController.swift */; };
		371115F62D5DDF4700CB417D /* BaseView.swift in Sources */ = {isa = PBXBuildFile; fileRef = 371115F52D5DDF4700CB417D /* BaseView.swift */; };
		371115F82D5DDF5000CB417D /* BaseViewController.swift in Sources */ = {isa = PBXBuildFile; fileRef = 371115F72D5DDF5000CB417D /* BaseViewController.swift */; };
		371115FA2D5DE00800CB417D /* BaseTableViewCell.swift in Sources */ = {isa = PBXBuildFile; fileRef = 371115F92D5DE00800CB417D /* BaseTableViewCell.swift */; };
		371115FC2D5DE04300CB417D /* BaseViewModel.swift in Sources */ = {isa = PBXBuildFile; fileRef = 371115FB2D5DE04300CB417D /* BaseViewModel.swift */; };
/* End PBXBuildFile section */

/* Begin PBXFileReference section */
		371115A62D5DDA6300CB417D /* CityWeather.app */ = {isa = PBXFileReference; explicitFileType = wrapper.application; includeInIndex = 0; path = CityWeather.app; sourceTree = BUILT_PRODUCTS_DIR; };
		371115C52D5DDA6800CB417D /* SceneDelegate.swift */ = {isa = PBXFileReference; lastKnownFileType = sourcecode.swift; path = SceneDelegate.swift; sourceTree = "<group>"; };
		371115CF2D5DDB3800CB417D /* .gitignore */ = {isa = PBXFileReference; lastKnownFileType = text; path = .gitignore; sourceTree = "<group>"; };
		371115DE2D5DDB9500CB417D /* AppDelegate.swift */ = {isa = PBXFileReference; lastKnownFileType = sourcecode.swift; path = AppDelegate.swift; sourceTree = "<group>"; };
		371115E32D5DDBB700CB417D /* Assets.xcassets */ = {isa = PBXFileReference; lastKnownFileType = folder.assetcatalog; path = Assets.xcassets; sourceTree = "<group>"; };
		371115E42D5DDBB700CB417D /* Info.plist */ = {isa = PBXFileReference; lastKnownFileType = text.plist.xml; path = Info.plist; sourceTree = "<group>"; };
		371115E52D5DDBB700CB417D /* Base */ = {isa = PBXFileReference; lastKnownFileType = file.storyboard; name = Base; path = Base.lproj/LaunchScreen.storyboard; sourceTree = "<group>"; };
		371115EF2D5DDF0300CB417D /* CityViewController.swift */ = {isa = PBXFileReference; lastKnownFileType = sourcecode.swift; path = CityViewController.swift; sourceTree = "<group>"; };
		371115F52D5DDF4700CB417D /* BaseView.swift */ = {isa = PBXFileReference; lastKnownFileType = sourcecode.swift; path = BaseView.swift; sourceTree = "<group>"; };
		371115F72D5DDF5000CB417D /* BaseViewController.swift */ = {isa = PBXFileReference; lastKnownFileType = sourcecode.swift; path = BaseViewController.swift; sourceTree = "<group>"; };
		371115F92D5DE00800CB417D /* BaseTableViewCell.swift */ = {isa = PBXFileReference; lastKnownFileType = sourcecode.swift; path = BaseTableViewCell.swift; sourceTree = "<group>"; };
		371115FB2D5DE04300CB417D /* BaseViewModel.swift */ = {isa = PBXFileReference; lastKnownFileType = sourcecode.swift; path = BaseViewModel.swift; sourceTree = "<group>"; };
/* End PBXFileReference section */

/* Begin PBXFrameworksBuildPhase section */
		371115A32D5DDA6300CB417D /* Frameworks */ = {
			isa = PBXFrameworksBuildPhase;
			buildActionMask = 2147483647;
			files = (
				371115D92D5DDB7500CB417D /* Kingfisher in Frameworks */,
				371115D32D5DDB5900CB417D /* SnapKit in Frameworks */,
				371115D62D5DDB6800CB417D /* Alamofire in Frameworks */,
				371115DC2D5DDB7D00CB417D /* Then in Frameworks */,
			);
			runOnlyForDeploymentPostprocessing = 0;
		};
/* End PBXFrameworksBuildPhase section */

/* Begin PBXGroup section */
		3711159D2D5DDA6300CB417D = {
			isa = PBXGroup;
			children = (
				371115CF2D5DDB3800CB417D /* .gitignore */,
				371115C72D5DDA6800CB417D /* CityWeather */,
				371115A72D5DDA6300CB417D /* Products */,
			);
			sourceTree = "<group>";
		};
		371115A72D5DDA6300CB417D /* Products */ = {
			isa = PBXGroup;
			children = (
				371115A62D5DDA6300CB417D /* CityWeather.app */,
			);
			name = Products;
			sourceTree = "<group>";
		};
		371115C72D5DDA6800CB417D /* CityWeather */ = {
			isa = PBXGroup;
			children = (
				371115DF2D5DDB9500CB417D /* Application */,
				371115F22D5DDF2D00CB417D /* Util */,
				371115ED2D5DDBD200CB417D /* View */,
				371115E72D5DDBB700CB417D /* Resource */,
			);
			path = CityWeather;
			sourceTree = "<group>";
		};
		371115DF2D5DDB9500CB417D /* Application */ = {
			isa = PBXGroup;
			children = (
				371115DE2D5DDB9500CB417D /* AppDelegate.swift */,
				371115C52D5DDA6800CB417D /* SceneDelegate.swift */,
			);
			path = Application;
			sourceTree = "<group>";
		};
		371115E72D5DDBB700CB417D /* Resource */ = {
			isa = PBXGroup;
			children = (
				371115E32D5DDBB700CB417D /* Assets.xcassets */,
				371115E42D5DDBB700CB417D /* Info.plist */,
				371115E62D5DDBB700CB417D /* LaunchScreen.storyboard */,
			);
			path = Resource;
			sourceTree = "<group>";
		};
		371115ED2D5DDBD200CB417D /* View */ = {
			isa = PBXGroup;
			children = (
				371115EF2D5DDF0300CB417D /* CityViewController.swift */,
			);
			path = View;
			sourceTree = "<group>";
		};
		371115F22D5DDF2D00CB417D /* Util */ = {
			isa = PBXGroup;
			children = (
				371115F42D5DDF3600CB417D /* Base */,
			);
			path = Util;
			sourceTree = "<group>";
		};
		371115F42D5DDF3600CB417D /* Base */ = {
			isa = PBXGroup;
			children = (
				371115F52D5DDF4700CB417D /* BaseView.swift */,
				371115F72D5DDF5000CB417D /* BaseViewController.swift */,
				371115F92D5DE00800CB417D /* BaseTableViewCell.swift */,
				371115FB2D5DE04300CB417D /* BaseViewModel.swift */,
			);
			path = Base;
			sourceTree = "<group>";
		};
/* End PBXGroup section */

/* Begin PBXNativeTarget section */
		371115A52D5DDA6300CB417D /* CityWeather */ = {
			isa = PBXNativeTarget;
			buildConfigurationList = 371115B92D5DDA6400CB417D /* Build configuration list for PBXNativeTarget "CityWeather" */;
			buildPhases = (
				371115A22D5DDA6300CB417D /* Sources */,
				371115A32D5DDA6300CB417D /* Frameworks */,
				371115A42D5DDA6300CB417D /* Resources */,
			);
			buildRules = (
			);
			dependencies = (
			);
			name = CityWeather;
			packageProductDependencies = (
				371115D22D5DDB5900CB417D /* SnapKit */,
				371115D52D5DDB6800CB417D /* Alamofire */,
				371115D82D5DDB7500CB417D /* Kingfisher */,
				371115DB2D5DDB7D00CB417D /* Then */,
			);
			productName = CityWeather;
			productReference = 371115A62D5DDA6300CB417D /* CityWeather.app */;
			productType = "com.apple.product-type.application";
		};
/* End PBXNativeTarget section */

/* Begin PBXProject section */
		3711159E2D5DDA6300CB417D /* Project object */ = {
			isa = PBXProject;
			attributes = {
				BuildIndependentTargetsInParallel = 1;
				LastSwiftUpdateCheck = 1620;
				LastUpgradeCheck = 1620;
				TargetAttributes = {
					371115A52D5DDA6300CB417D = {
						CreatedOnToolsVersion = 16.2;
					};
				};
			};
			buildConfigurationList = 371115A12D5DDA6300CB417D /* Build configuration list for PBXProject "CityWeather" */;
			developmentRegion = en;
			hasScannedForEncodings = 0;
			knownRegions = (
				en,
				Base,
			);
			mainGroup = 3711159D2D5DDA6300CB417D;
			minimizedProjectReferenceProxies = 1;
			packageReferences = (
				371115D12D5DDB5900CB417D /* XCRemoteSwiftPackageReference "SnapKit" */,
				371115D42D5DDB6800CB417D /* XCRemoteSwiftPackageReference "Alamofire" */,
				371115D72D5DDB7500CB417D /* XCRemoteSwiftPackageReference "Kingfisher" */,
				371115DA2D5DDB7D00CB417D /* XCRemoteSwiftPackageReference "Then" */,
			);
			preferredProjectObjectVersion = 77;
			productRefGroup = 371115A72D5DDA6300CB417D /* Products */;
			projectDirPath = "";
			projectRoot = "";
			targets = (
				371115A52D5DDA6300CB417D /* CityWeather */,
			);
		};
/* End PBXProject section */

/* Begin PBXResourcesBuildPhase section */
		371115A42D5DDA6300CB417D /* Resources */ = {
			isa = PBXResourcesBuildPhase;
			buildActionMask = 2147483647;
			files = (
				371115D02D5DDB3800CB417D /* .gitignore in Resources */,
				371115E82D5DDBB700CB417D /* Assets.xcassets in Resources */,
				371115EA2D5DDBB700CB417D /* LaunchScreen.storyboard in Resources */,
			);
			runOnlyForDeploymentPostprocessing = 0;
		};
/* End PBXResourcesBuildPhase section */

/* Begin PBXSourcesBuildPhase section */
		371115A22D5DDA6300CB417D /* Sources */ = {
			isa = PBXSourcesBuildPhase;
			buildActionMask = 2147483647;
			files = (
				371115F82D5DDF5000CB417D /* BaseViewController.swift in Sources */,
				371115E02D5DDB9500CB417D /* AppDelegate.swift in Sources */,
				371115C92D5DDA6800CB417D /* SceneDelegate.swift in Sources */,
				371115FC2D5DE04300CB417D /* BaseViewModel.swift in Sources */,
				371115F02D5DDF0300CB417D /* CityViewController.swift in Sources */,
				371115FA2D5DE00800CB417D /* BaseTableViewCell.swift in Sources */,
				371115F62D5DDF4700CB417D /* BaseView.swift in Sources */,
			);
			runOnlyForDeploymentPostprocessing = 0;
		};
/* End PBXSourcesBuildPhase section */

/* Begin PBXVariantGroup section */
		371115E62D5DDBB700CB417D /* LaunchScreen.storyboard */ = {
			isa = PBXVariantGroup;
			children = (
				371115E52D5DDBB700CB417D /* Base */,
			);
			name = LaunchScreen.storyboard;
			sourceTree = "<group>";
		};
/* End PBXVariantGroup section */

/* Begin XCBuildConfiguration section */
		371115BA2D5DDA6400CB417D /* Debug */ = {
			isa = XCBuildConfiguration;
			buildSettings = {
				ASSETCATALOG_COMPILER_APPICON_NAME = AppIcon;
				ASSETCATALOG_COMPILER_GLOBAL_ACCENT_COLOR_NAME = AccentColor;
				CODE_SIGN_STYLE = Automatic;
				CURRENT_PROJECT_VERSION = 1;
				DEVELOPMENT_TEAM = Z4QC7WDU5Z;
				GENERATE_INFOPLIST_FILE = YES;
				INFOPLIST_FILE = CityWeather/Resource/Info.plist;
				INFOPLIST_KEY_UIApplicationSupportsIndirectInputEvents = YES;
				INFOPLIST_KEY_UILaunchStoryboardName = LaunchScreen;
				INFOPLIST_KEY_UISupportedInterfaceOrientations = UIInterfaceOrientationPortrait;
				INFOPLIST_KEY_UISupportedInterfaceOrientations_iPad = "UIInterfaceOrientationLandscapeLeft UIInterfaceOrientationLandscapeRight UIInterfaceOrientationPortrait UIInterfaceOrientationPortraitUpsideDown";
				IPHONEOS_DEPLOYMENT_TARGET = 15.0;
				LD_RUNPATH_SEARCH_PATHS = (
					"$(inherited)",
					"@executable_path/Frameworks",
				);
				MARKETING_VERSION = 1.0;
				PRODUCT_BUNDLE_IDENTIFIER = com.kjh.CityWeather;
				PRODUCT_NAME = "$(TARGET_NAME)";
				SUPPORTED_PLATFORMS = "iphoneos iphonesimulator";
				SUPPORTS_MACCATALYST = NO;
				SUPPORTS_MAC_DESIGNED_FOR_IPHONE_IPAD = NO;
				SUPPORTS_XR_DESIGNED_FOR_IPHONE_IPAD = NO;
				SWIFT_EMIT_LOC_STRINGS = YES;
				SWIFT_VERSION = 5.0;
				TARGETED_DEVICE_FAMILY = 1;
			};
			name = Debug;
		};
		371115BB2D5DDA6400CB417D /* Release */ = {
			isa = XCBuildConfiguration;
			buildSettings = {
				ASSETCATALOG_COMPILER_APPICON_NAME = AppIcon;
				ASSETCATALOG_COMPILER_GLOBAL_ACCENT_COLOR_NAME = AccentColor;
				CODE_SIGN_STYLE = Automatic;
				CURRENT_PROJECT_VERSION = 1;
				DEVELOPMENT_TEAM = Z4QC7WDU5Z;
				GENERATE_INFOPLIST_FILE = YES;
				INFOPLIST_FILE = CityWeather/Resource/Info.plist;
				INFOPLIST_KEY_UIApplicationSupportsIndirectInputEvents = YES;
				INFOPLIST_KEY_UILaunchStoryboardName = LaunchScreen;
				INFOPLIST_KEY_UISupportedInterfaceOrientations = UIInterfaceOrientationPortrait;
				INFOPLIST_KEY_UISupportedInterfaceOrientations_iPad = "UIInterfaceOrientationLandscapeLeft UIInterfaceOrientationLandscapeRight UIInterfaceOrientationPortrait UIInterfaceOrientationPortraitUpsideDown";
				IPHONEOS_DEPLOYMENT_TARGET = 15.0;
				LD_RUNPATH_SEARCH_PATHS = (
					"$(inherited)",
					"@executable_path/Frameworks",
				);
				MARKETING_VERSION = 1.0;
				PRODUCT_BUNDLE_IDENTIFIER = com.kjh.CityWeather;
				PRODUCT_NAME = "$(TARGET_NAME)";
				SUPPORTED_PLATFORMS = "iphoneos iphonesimulator";
				SUPPORTS_MACCATALYST = NO;
				SUPPORTS_MAC_DESIGNED_FOR_IPHONE_IPAD = NO;
				SUPPORTS_XR_DESIGNED_FOR_IPHONE_IPAD = NO;
				SWIFT_EMIT_LOC_STRINGS = YES;
				SWIFT_VERSION = 5.0;
				TARGETED_DEVICE_FAMILY = 1;
			};
			name = Release;
		};
		371115BC2D5DDA6400CB417D /* Debug */ = {
			isa = XCBuildConfiguration;
			buildSettings = {
				ALWAYS_SEARCH_USER_PATHS = NO;
				ASSETCATALOG_COMPILER_GENERATE_SWIFT_ASSET_SYMBOL_EXTENSIONS = YES;
				CLANG_ANALYZER_NONNULL = YES;
				CLANG_ANALYZER_NUMBER_OBJECT_CONVERSION = YES_AGGRESSIVE;
				CLANG_CXX_LANGUAGE_STANDARD = "gnu++20";
				CLANG_ENABLE_MODULES = YES;
				CLANG_ENABLE_OBJC_ARC = YES;
				CLANG_ENABLE_OBJC_WEAK = YES;
				CLANG_WARN_BLOCK_CAPTURE_AUTORELEASING = YES;
				CLANG_WARN_BOOL_CONVERSION = YES;
				CLANG_WARN_COMMA = YES;
				CLANG_WARN_CONSTANT_CONVERSION = YES;
				CLANG_WARN_DEPRECATED_OBJC_IMPLEMENTATIONS = YES;
				CLANG_WARN_DIRECT_OBJC_ISA_USAGE = YES_ERROR;
				CLANG_WARN_DOCUMENTATION_COMMENTS = YES;
				CLANG_WARN_EMPTY_BODY = YES;
				CLANG_WARN_ENUM_CONVERSION = YES;
				CLANG_WARN_INFINITE_RECURSION = YES;
				CLANG_WARN_INT_CONVERSION = YES;
				CLANG_WARN_NON_LITERAL_NULL_CONVERSION = YES;
				CLANG_WARN_OBJC_IMPLICIT_RETAIN_SELF = YES;
				CLANG_WARN_OBJC_LITERAL_CONVERSION = YES;
				CLANG_WARN_OBJC_ROOT_CLASS = YES_ERROR;
				CLANG_WARN_QUOTED_INCLUDE_IN_FRAMEWORK_HEADER = YES;
				CLANG_WARN_RANGE_LOOP_ANALYSIS = YES;
				CLANG_WARN_STRICT_PROTOTYPES = YES;
				CLANG_WARN_SUSPICIOUS_MOVE = YES;
				CLANG_WARN_UNGUARDED_AVAILABILITY = YES_AGGRESSIVE;
				CLANG_WARN_UNREACHABLE_CODE = YES;
				CLANG_WARN__DUPLICATE_METHOD_MATCH = YES;
				COPY_PHASE_STRIP = NO;
				DEBUG_INFORMATION_FORMAT = dwarf;
				ENABLE_STRICT_OBJC_MSGSEND = YES;
				ENABLE_TESTABILITY = YES;
				ENABLE_USER_SCRIPT_SANDBOXING = YES;
				GCC_C_LANGUAGE_STANDARD = gnu17;
				GCC_DYNAMIC_NO_PIC = NO;
				GCC_NO_COMMON_BLOCKS = YES;
				GCC_OPTIMIZATION_LEVEL = 0;
				GCC_PREPROCESSOR_DEFINITIONS = (
					"DEBUG=1",
					"$(inherited)",
				);
				GCC_WARN_64_TO_32_BIT_CONVERSION = YES;
				GCC_WARN_ABOUT_RETURN_TYPE = YES_ERROR;
				GCC_WARN_UNDECLARED_SELECTOR = YES;
				GCC_WARN_UNINITIALIZED_AUTOS = YES_AGGRESSIVE;
				GCC_WARN_UNUSED_FUNCTION = YES;
				GCC_WARN_UNUSED_VARIABLE = YES;
				IPHONEOS_DEPLOYMENT_TARGET = 18.2;
				LOCALIZATION_PREFERS_STRING_CATALOGS = YES;
				MTL_ENABLE_DEBUG_INFO = INCLUDE_SOURCE;
				MTL_FAST_MATH = YES;
				ONLY_ACTIVE_ARCH = YES;
				SDKROOT = iphoneos;
				SWIFT_ACTIVE_COMPILATION_CONDITIONS = "DEBUG $(inherited)";
				SWIFT_OPTIMIZATION_LEVEL = "-Onone";
			};
			name = Debug;
		};
		371115BD2D5DDA6400CB417D /* Release */ = {
			isa = XCBuildConfiguration;
			buildSettings = {
				ALWAYS_SEARCH_USER_PATHS = NO;
				ASSETCATALOG_COMPILER_GENERATE_SWIFT_ASSET_SYMBOL_EXTENSIONS = YES;
				CLANG_ANALYZER_NONNULL = YES;
				CLANG_ANALYZER_NUMBER_OBJECT_CONVERSION = YES_AGGRESSIVE;
				CLANG_CXX_LANGUAGE_STANDARD = "gnu++20";
				CLANG_ENABLE_MODULES = YES;
				CLANG_ENABLE_OBJC_ARC = YES;
				CLANG_ENABLE_OBJC_WEAK = YES;
				CLANG_WARN_BLOCK_CAPTURE_AUTORELEASING = YES;
				CLANG_WARN_BOOL_CONVERSION = YES;
				CLANG_WARN_COMMA = YES;
				CLANG_WARN_CONSTANT_CONVERSION = YES;
				CLANG_WARN_DEPRECATED_OBJC_IMPLEMENTATIONS = YES;
				CLANG_WARN_DIRECT_OBJC_ISA_USAGE = YES_ERROR;
				CLANG_WARN_DOCUMENTATION_COMMENTS = YES;
				CLANG_WARN_EMPTY_BODY = YES;
				CLANG_WARN_ENUM_CONVERSION = YES;
				CLANG_WARN_INFINITE_RECURSION = YES;
				CLANG_WARN_INT_CONVERSION = YES;
				CLANG_WARN_NON_LITERAL_NULL_CONVERSION = YES;
				CLANG_WARN_OBJC_IMPLICIT_RETAIN_SELF = YES;
				CLANG_WARN_OBJC_LITERAL_CONVERSION = YES;
				CLANG_WARN_OBJC_ROOT_CLASS = YES_ERROR;
				CLANG_WARN_QUOTED_INCLUDE_IN_FRAMEWORK_HEADER = YES;
				CLANG_WARN_RANGE_LOOP_ANALYSIS = YES;
				CLANG_WARN_STRICT_PROTOTYPES = YES;
				CLANG_WARN_SUSPICIOUS_MOVE = YES;
				CLANG_WARN_UNGUARDED_AVAILABILITY = YES_AGGRESSIVE;
				CLANG_WARN_UNREACHABLE_CODE = YES;
				CLANG_WARN__DUPLICATE_METHOD_MATCH = YES;
				COPY_PHASE_STRIP = NO;
				DEBUG_INFORMATION_FORMAT = "dwarf-with-dsym";
				ENABLE_NS_ASSERTIONS = NO;
				ENABLE_STRICT_OBJC_MSGSEND = YES;
				ENABLE_USER_SCRIPT_SANDBOXING = YES;
				GCC_C_LANGUAGE_STANDARD = gnu17;
				GCC_NO_COMMON_BLOCKS = YES;
				GCC_WARN_64_TO_32_BIT_CONVERSION = YES;
				GCC_WARN_ABOUT_RETURN_TYPE = YES_ERROR;
				GCC_WARN_UNDECLARED_SELECTOR = YES;
				GCC_WARN_UNINITIALIZED_AUTOS = YES_AGGRESSIVE;
				GCC_WARN_UNUSED_FUNCTION = YES;
				GCC_WARN_UNUSED_VARIABLE = YES;
				IPHONEOS_DEPLOYMENT_TARGET = 18.2;
				LOCALIZATION_PREFERS_STRING_CATALOGS = YES;
				MTL_ENABLE_DEBUG_INFO = NO;
				MTL_FAST_MATH = YES;
				SDKROOT = iphoneos;
				SWIFT_COMPILATION_MODE = wholemodule;
				VALIDATE_PRODUCT = YES;
			};
			name = Release;
		};
/* End XCBuildConfiguration section */

/* Begin XCConfigurationList section */
		371115A12D5DDA6300CB417D /* Build configuration list for PBXProject "CityWeather" */ = {
			isa = XCConfigurationList;
			buildConfigurations = (
				371115BC2D5DDA6400CB417D /* Debug */,
				371115BD2D5DDA6400CB417D /* Release */,
			);
			defaultConfigurationIsVisible = 0;
			defaultConfigurationName = Release;
		};
		371115B92D5DDA6400CB417D /* Build configuration list for PBXNativeTarget "CityWeather" */ = {
			isa = XCConfigurationList;
			buildConfigurations = (
				371115BA2D5DDA6400CB417D /* Debug */,
				371115BB2D5DDA6400CB417D /* Release */,
			);
			defaultConfigurationIsVisible = 0;
			defaultConfigurationName = Release;
		};
/* End XCConfigurationList section */

/* Begin XCRemoteSwiftPackageReference section */
		371115D12D5DDB5900CB417D /* XCRemoteSwiftPackageReference "SnapKit" */ = {
			isa = XCRemoteSwiftPackageReference;
			repositoryURL = "https://github.com/SnapKit/SnapKit.git";
			requirement = {
				kind = upToNextMajorVersion;
				minimumVersion = 5.7.1;
			};
		};
		371115D42D5DDB6800CB417D /* XCRemoteSwiftPackageReference "Alamofire" */ = {
			isa = XCRemoteSwiftPackageReference;
			repositoryURL = "https://github.com/Alamofire/Alamofire.git";
			requirement = {
				kind = upToNextMajorVersion;
				minimumVersion = 5.10.2;
			};
		};
		371115D72D5DDB7500CB417D /* XCRemoteSwiftPackageReference "Kingfisher" */ = {
			isa = XCRemoteSwiftPackageReference;
			repositoryURL = "https://github.com/onevcat/Kingfisher.git";
			requirement = {
				kind = upToNextMajorVersion;
				minimumVersion = 8.2.0;
			};
		};
		371115DA2D5DDB7D00CB417D /* XCRemoteSwiftPackageReference "Then" */ = {
			isa = XCRemoteSwiftPackageReference;
			repositoryURL = "https://github.com/devxoul/Then.git";
			requirement = {
				kind = upToNextMajorVersion;
				minimumVersion = 3.0.0;
			};
		};
/* End XCRemoteSwiftPackageReference section */

/* Begin XCSwiftPackageProductDependency section */
		371115D22D5DDB5900CB417D /* SnapKit */ = {
			isa = XCSwiftPackageProductDependency;
			package = 371115D12D5DDB5900CB417D /* XCRemoteSwiftPackageReference "SnapKit" */;
			productName = SnapKit;
		};
		371115D52D5DDB6800CB417D /* Alamofire */ = {
			isa = XCSwiftPackageProductDependency;
			package = 371115D42D5DDB6800CB417D /* XCRemoteSwiftPackageReference "Alamofire" */;
			productName = Alamofire;
		};
		371115D82D5DDB7500CB417D /* Kingfisher */ = {
			isa = XCSwiftPackageProductDependency;
			package = 371115D72D5DDB7500CB417D /* XCRemoteSwiftPackageReference "Kingfisher" */;
			productName = Kingfisher;
		};
		371115DB2D5DDB7D00CB417D /* Then */ = {
			isa = XCSwiftPackageProductDependency;
			package = 371115DA2D5DDB7D00CB417D /* XCRemoteSwiftPackageReference "Then" */;
			productName = Then;
		};
/* End XCSwiftPackageProductDependency section */
	};
	rootObject = 3711159E2D5DDA6300CB417D /* Project object */;
}
